
Microsoft Visual Studio Solution File, Format Version 12.00
# Visual Studio Version 16
VisualStudioVersion = 16.0.31321.278
MinimumVisualStudioVersion = 10.0.40219.1
Project("{9A19103F-16F7-4668-BE54-9A1E7A4F7556}") = "MyADO.NetApp", "MyADO.NetApp.csproj", "{D01A4B16-7E8F-4974-B959-2E1A271B0CB5}"
EndProject
Project("{2150E333-8FDC-42A3-9474-1A3956D46DE8}") = "Solution Items", "Solution Items", "{0C6B28DA-D04D-4A88-9C3E-7FF75FA19016}"
	ProjectSection(SolutionItems) = preProject
		.editorconfig = .editorconfig
	EndProjectSection
EndProject
Global
	GlobalSection(SolutionConfigurationPlatforms) = preSolution
		Debug|Any CPU = Debug|Any CPU
		Release|Any CPU = Release|Any CPU
	EndGlobalSection
	GlobalSection(ProjectConfigurationPlatforms) = postSolution
		{D01A4B16-7E8F-4974-B959-2E1A271B0CB5}.Debug|Any CPU.ActiveCfg = Debug|Any CPU
		{D01A4B16-7E8F-4974-B959-2E1A271B0CB5}.Debug|Any CPU.Build.0 = Debug|Any CPU
		{D01A4B16-7E8F-4974-B959-2E1A271B0CB5}.Release|Any CPU.ActiveCfg = Release|Any CPU
		{D01A4B16-7E8F-4974-B959-2E1A271B0CB5}.Release|Any CPU.Build.0 = Release|Any CPU
	EndGlobalSection
	GlobalSection(SolutionProperties) = preSolution
		HideSolutionNode = FALSE
	EndGlobalSection
	GlobalSection(ExtensibilityGlobals) = postSolution
		SolutionGuid = {5212F6D2-488E-4F86-A327-64DDDF902B7B}
	EndGlobalSection
EndGlobal
